{
  "nodes": {
    "config": {
      "locked": {
        "lastModified": 1,
        "narHash": "sha256-WMOWGJT3K3gLnpTM5nOupcnAKwmk1ZuDV6FIgadfXE0=",
        "path": "empty",
        "type": "path"
      },
      "original": {
        "path": "empty",
        "type": "path"
      }
    },
    "root": {
      "inputs": {
        "config": "config",
        "source": "source"
      }
    },
    "source": {
      "flake": false,
      "locked": {
        "lastModified": 1,
        "narHash": "sha256-WMOWGJT3K3gLnpTM5nOupcnAKwmk1ZuDV6FIgadfXE0=",
        "path": "empty",
        "type": "path"
      },
      "original": {
        "path": "empty",
        "type": "path"
      }
    }
  },
  "root": "root",
  "version": 7
}
